
Microsoft Visual Studio Solution File, Format Version 12.00
# Visual Studio Version 17
VisualStudioVersion = 17.8.34511.84
MinimumVisualStudioVersion = 10.0.40219.1
Project("{FAE04EC0-301F-11D3-BF4B-00C04F79EFBC}") = "BankFacade", "BankFacade\BankFacade.csproj", "{53AF81CC-94AE-423B-9BF5-BE7B1BEBB461}"
EndProject
Global
	GlobalSection(SolutionConfigurationPlatforms) = preSolution
		Debug|Any CPU = Debug|Any CPU
		Release|Any CPU = Release|Any CPU
	EndGlobalSection
	GlobalSection(ProjectConfigurationPlatforms) = postSolution
		{53AF81CC-94AE-423B-9BF5-BE7B1BEBB461}.Debug|Any CPU.ActiveCfg = Debug|Any CPU
		{53AF81CC-94AE-423B-9BF5-BE7B1BEBB461}.Debug|Any CPU.Build.0 = Debug|Any CPU
		{53AF81CC-94AE-423B-9BF5-BE7B1BEBB461}.Release|Any CPU.ActiveCfg = Release|Any CPU
		{53AF81CC-94AE-423B-9BF5-BE7B1BEBB461}.Release|Any CPU.Build.0 = Release|Any CPU
	EndGlobalSection
	GlobalSection(SolutionProperties) = preSolution
		HideSolutionNode = FALSE
	EndGlobalSection
	GlobalSection(ExtensibilityGlobals) = postSolution
		SolutionGuid = {FFD5023B-6038-44D9-92A2-DF55CD53B2B3}
	EndGlobalSection
EndGlobal
